// !$*UTF8*$!
{
	archiveVersion = 1;
	classes = {
	};
	objectVersion = 48;
	objects = {

/* Begin PBXBuildFile section */
		3295FF931FB228C5009AFFD5 /* AppDelegate.m in Sources */ = {isa = PBXBuildFile; fileRef = 3295FF921FB228C5009AFFD5 /* AppDelegate.m */; };
		3295FF961FB228C5009AFFD5 /* ViewController.m in Sources */ = {isa = PBXBuildFile; fileRef = 3295FF951FB228C5009AFFD5 /* ViewController.m */; };
		3295FF991FB228C5009AFFD5 /* Main.storyboard in Resources */ = {isa = PBXBuildFile; fileRef = 3295FF971FB228C5009AFFD5 /* Main.storyboard */; };
		3295FF9B1FB228C5009AFFD5 /* Assets.xcassets in Resources */ = {isa = PBXBuildFile; fileRef = 3295FF9A1FB228C5009AFFD5 /* Assets.xcassets */; };
		3295FF9E1FB228C5009AFFD5 /* LaunchScreen.storyboard in Resources */ = {isa = PBXBuildFile; fileRef = 3295FF9C1FB228C5009AFFD5 /* LaunchScreen.storyboard */; };
		3295FFA11FB228C5009AFFD5 /* main.m in Sources */ = {isa = PBXBuildFile; fileRef = 3295FFA01FB228C5009AFFD5 /* main.m */; };
/* End PBXBuildFile section */

/* Begin PBXFileReference section */
		3295FF8E1FB228C5009AFFD5 /* L25_Design-patterns.app */ = {isa = PBXFileReference; explicitFileType = wrapper.application; includeInIndex = 0; path = "L25_Design-patterns.app"; sourceTree = BUILT_PRODUCTS_DIR; };
		3295FF911FB228C5009AFFD5 /* AppDelegate.h */ = {isa = PBXFileReference; lastKnownFileType = sourcecode.c.h; path = AppDelegate.h; sourceTree = "<group>"; };
		3295FF921FB228C5009AFFD5 /* AppDelegate.m */ = {isa = PBXFileReference; lastKnownFileType = sourcecode.c.objc; path = AppDelegate.m; sourceTree = "<group>"; };
		3295FF941FB228C5009AFFD5 /* ViewController.h */ = {isa = PBXFileReference; lastKnownFileType = sourcecode.c.h; path = ViewController.h; sourceTree = "<group>"; };
		3295FF951FB228C5009AFFD5 /* ViewController.m */ = {isa = PBXFileReference; lastKnownFileType = sourcecode.c.objc; path = ViewController.m; sourceTree = "<group>"; };
		3295FF981FB228C5009AFFD5 /* Base */ = {isa = PBXFileReference; lastKnownFileType = file.storyboard; name = Base; path = Base.lproj/Main.storyboard; sourceTree = "<group>"; };
		3295FF9A1FB228C5009AFFD5 /* Assets.xcassets */ = {isa = PBXFileReference; lastKnownFileType = folder.assetcatalog; path = Assets.xcassets; sourceTree = "<group>"; };
		3295FF9D1FB228C5009AFFD5 /* Base */ = {isa = PBXFileReference; lastKnownFileType = file.storyboard; name = Base; path = Base.lproj/LaunchScreen.storyboard; sourceTree = "<group>"; };
		3295FF9F1FB228C5009AFFD5 /* Info.plist */ = {isa = PBXFileReference; lastKnownFileType = text.plist.xml; path = Info.plist; sourceTree = "<group>"; };
		3295FFA01FB228C5009AFFD5 /* main.m */ = {isa = PBXFileReference; lastKnownFileType = sourcecode.c.objc; path = main.m; sourceTree = "<group>"; };
/* End PBXFileReference section */

/* Begin PBXFrameworksBuildPhase section */
		3295FF8B1FB228C5009AFFD5 /* Frameworks */ = {
			isa = PBXFrameworksBuildPhase;
			buildActionMask = 2147483647;
			files = (
			);
			runOnlyForDeploymentPostprocessing = 0;
		};
/* End PBXFrameworksBuildPhase section */

/* Begin PBXGroup section */
		3295FF851FB228C5009AFFD5 = {
			isa = PBXGroup;
			children = (
				3295FF901FB228C5009AFFD5 /* L25_Design-patterns */,
				3295FF8F1FB228C5009AFFD5 /* Products */,
			);
			sourceTree = "<group>";
		};
		3295FF8F1FB228C5009AFFD5 /* Products */ = {
			isa = PBXGroup;
			children = (
				3295FF8E1FB228C5009AFFD5 /* L25_Design-patterns.app */,
			);
			name = Products;
			sourceTree = "<group>";
		};
		3295FF901FB228C5009AFFD5 /* L25_Design-patterns */ = {
			isa = PBXGroup;
			children = (
				3295FF911FB228C5009AFFD5 /* AppDelegate.h */,
				3295FF921FB228C5009AFFD5 /* AppDelegate.m */,
				3295FF941FB228C5009AFFD5 /* ViewController.h */,
				3295FF951FB228C5009AFFD5 /* ViewController.m */,
				3295FF971FB228C5009AFFD5 /* Main.storyboard */,
				3295FF9A1FB228C5009AFFD5 /* Assets.xcassets */,
				3295FF9C1FB228C5009AFFD5 /* LaunchScreen.storyboard */,
				3295FF9F1FB228C5009AFFD5 /* Info.plist */,
				3295FFA01FB228C5009AFFD5 /* main.m */,
			);
			path = "L25_Design-patterns";
			sourceTree = "<group>";
		};
/* End PBXGroup section */

/* Begin PBXNativeTarget section */
		3295FF8D1FB228C5009AFFD5 /* L25_Design-patterns */ = {
			isa = PBXNativeTarget;
			buildConfigurationList = 3295FFA41FB228C5009AFFD5 /* Build configuration list for PBXNativeTarget "L25_Design-patterns" */;
			buildPhases = (
				3295FF8A1FB228C5009AFFD5 /* Sources */,
				3295FF8B1FB228C5009AFFD5 /* Frameworks */,
				3295FF8C1FB228C5009AFFD5 /* Resources */,
			);
			buildRules = (
			);
			dependencies = (
			);
			name = "L25_Design-patterns";
			productName = "L25_Design-patterns";
			productReference = 3295FF8E1FB228C5009AFFD5 /* L25_Design-patterns.app */;
			productType = "com.apple.product-type.application";
		};
/* End PBXNativeTarget section */

/* Begin PBXProject section */
		3295FF861FB228C5009AFFD5 /* Project object */ = {
			isa = PBXProject;
			attributes = {
				LastUpgradeCheck = 0900;
				ORGANIZATIONNAME = "Andrey Proskurin";
				TargetAttributes = {
					3295FF8D1FB228C5009AFFD5 = {
						CreatedOnToolsVersion = 9.0.1;
						ProvisioningStyle = Automatic;
					};
				};
			};
			buildConfigurationList = 3295FF891FB228C5009AFFD5 /* Build configuration list for PBXProject "L25_Design-patterns" */;
			compatibilityVersion = "Xcode 8.0";
			developmentRegion = en;
			hasScannedForEncodings = 0;
			knownRegions = (
				en,
				Base,
			);
			mainGroup = 3295FF851FB228C5009AFFD5;
			productRefGroup = 3295FF8F1FB228C5009AFFD5 /* Products */;
			projectDirPath = "";
			projectRoot = "";
			targets = (
				3295FF8D1FB228C5009AFFD5 /* L25_Design-patterns */,
			);
		};
/* End PBXProject section */

/* Begin PBXResourcesBuildPhase section */
		3295FF8C1FB228C5009AFFD5 /* Resources */ = {
			isa = PBXResourcesBuildPhase;
			buildActionMask = 2147483647;
			files = (
				3295FF9E1FB228C5009AFFD5 /* LaunchScreen.storyboard in Resources */,
				3295FF9B1FB228C5009AFFD5 /* Assets.xcassets in Resources */,
				3295FF991FB228C5009AFFD5 /* Main.storyboard in Resources */,
			);
			runOnlyForDeploymentPostprocessing = 0;
		};
/* End PBXResourcesBuildPhase section */

/* Begin PBXSourcesBuildPhase section */
		3295FF8A1FB228C5009AFFD5 /* Sources */ = {
			isa = PBXSourcesBuildPhase;
			buildActionMask = 2147483647;
			files = (
				3295FF961FB228C5009AFFD5 /* ViewController.m in Sources */,
				3295FFA11FB228C5009AFFD5 /* main.m in Sources */,
				3295FF931FB228C5009AFFD5 /* AppDelegate.m in Sources */,
			);
			runOnlyForDeploymentPostprocessing = 0;
		};
/* End PBXSourcesBuildPhase section */

/* Begin PBXVariantGroup section */
		3295FF971FB228C5009AFFD5 /* Main.storyboard */ = {
			isa = PBXVariantGroup;
			children = (
				3295FF981FB228C5009AFFD5 /* Base */,
			);
			name = Main.storyboard;
			sourceTree = "<group>";
		};
		3295FF9C1FB228C5009AFFD5 /* LaunchScreen.storyboard */ = {
			isa = PBXVariantGroup;
			children = (
				3295FF9D1FB228C5009AFFD5 /* Base */,
			);
			name = LaunchScreen.storyboard;
			sourceTree = "<group>";
		};
/* End PBXVariantGroup section */

/* Begin XCBuildConfiguration section */
		3295FFA21FB228C5009AFFD5 /* Debug */ = {
			isa = XCBuildConfiguration;
			buildSettings = {
				ALWAYS_SEARCH_USER_PATHS = NO;
				CLANG_ANALYZER_NONNULL = YES;
				CLANG_ANALYZER_NUMBER_OBJECT_CONVERSION = YES_AGGRESSIVE;
				CLANG_CXX_LANGUAGE_STANDARD = "gnu++14";
				CLANG_CXX_LIBRARY = "libc++";
				CLANG_ENABLE_MODULES = YES;
				CLANG_ENABLE_OBJC_ARC = YES;
				CLANG_WARN_BLOCK_CAPTURE_AUTORELEASING = YES;
				CLANG_WARN_BOOL_CONVERSION = YES;
				CLANG_WARN_COMMA = YES;
				CLANG_WARN_CONSTANT_CONVERSION = YES;
				CLANG_WARN_DIRECT_OBJC_ISA_USAGE = YES_ERROR;
				CLANG_WARN_DOCUMENTATION_COMMENTS = YES;
				CLANG_WARN_EMPTY_BODY = YES;
				CLANG_WARN_ENUM_CONVERSION = YES;
				CLANG_WARN_INFINITE_RECURSION = YES;
				CLANG_WARN_INT_CONVERSION = YES;
				CLANG_WARN_NON_LITERAL_NULL_CONVERSION = YES;
				CLANG_WARN_OBJC_LITERAL_CONVERSION = YES;
				CLANG_WARN_OBJC_ROOT_CLASS = YES_ERROR;
				CLANG_WARN_RANGE_LOOP_ANALYSIS = YES;
				CLANG_WARN_STRICT_PROTOTYPES = YES;
				CLANG_WARN_SUSPICIOUS_MOVE = YES;
				CLANG_WARN_UNGUARDED_AVAILABILITY = YES_AGGRESSIVE;
				CLANG_WARN_UNREACHABLE_CODE = YES;
				CLANG_WARN__DUPLICATE_METHOD_MATCH = YES;
				CODE_SIGN_IDENTITY = "iPhone Developer";
				COPY_PHASE_STRIP = NO;
				DEBUG_INFORMATION_FORMAT = dwarf;
				ENABLE_STRICT_OBJC_MSGSEND = YES;
				ENABLE_TESTABILITY = YES;
				GCC_C_LANGUAGE_STANDARD = gnu11;
				GCC_DYNAMIC_NO_PIC = NO;
				GCC_NO_COMMON_BLOCKS = YES;
				GCC_OPTIMIZATION_LEVEL = 0;
				GCC_PREPROCESSOR_DEFINITIONS = (
					"DEBUG=1",
					"$(inherited)",
				);
				GCC_WARN_64_TO_32_BIT_CONVERSION = YES;
				GCC_WARN_ABOUT_RETURN_TYPE = YES_ERROR;
				GCC_WARN_UNDECLARED_SELECTOR = YES;
				GCC_WARN_UNINITIALIZED_AUTOS = YES_AGGRESSIVE;
				GCC_WARN_UNUSED_FUNCTION = YES;
				GCC_WARN_UNUSED_VARIABLE = YES;
				IPHONEOS_DEPLOYMENT_TARGET = 11.0;
				MTL_ENABLE_DEBUG_INFO = YES;
				ONLY_ACTIVE_ARCH = YES;
				SDKROOT = iphoneos;
			};
			name = Debug;
		};
		3295FFA31FB228C5009AFFD5 /* Release */ = {
			isa = XCBuildConfiguration;
			buildSettings = {
				ALWAYS_SEARCH_USER_PATHS = NO;
				CLANG_ANALYZER_NONNULL = YES;
				CLANG_ANALYZER_NUMBER_OBJECT_CONVERSION = YES_AGGRESSIVE;
				CLANG_CXX_LANGUAGE_STANDARD = "gnu++14";
				CLANG_CXX_LIBRARY = "libc++";
				CLANG_ENABLE_MODULES = YES;
				CLANG_ENABLE_OBJC_ARC = YES;
				CLANG_WARN_BLOCK_CAPTURE_AUTORELEASING = YES;
				CLANG_WARN_BOOL_CONVERSION = YES;
				CLANG_WARN_COMMA = YES;
				CLANG_WARN_CONSTANT_CONVERSION = YES;
				CLANG_WARN_DIRECT_OBJC_ISA_USAGE = YES_ERROR;
				CLANG_WARN_DOCUMENTATION_COMMENTS = YES;
				CLANG_WARN_EMPTY_BODY = YES;
				CLANG_WARN_ENUM_CONVERSION = YES;
				CLANG_WARN_INFINITE_RECURSION = YES;
				CLANG_WARN_INT_CONVERSION = YES;
				CLANG_WARN_NON_LITERAL_NULL_CONVERSION = YES;
				CLANG_WARN_OBJC_LITERAL_CONVERSION = YES;
				CLANG_WARN_OBJC_ROOT_CLASS = YES_ERROR;
				CLANG_WARN_RANGE_LOOP_ANALYSIS = YES;
				CLANG_WARN_STRICT_PROTOTYPES = YES;
				CLANG_WARN_SUSPICIOUS_MOVE = YES;
				CLANG_WARN_UNGUARDED_AVAILABILITY = YES_AGGRESSIVE;
				CLANG_WARN_UNREACHABLE_CODE = YES;
				CLANG_WARN__DUPLICATE_METHOD_MATCH = YES;
				CODE_SIGN_IDENTITY = "iPhone Developer";
				COPY_PHASE_STRIP = NO;
				DEBUG_INFORMATION_FORMAT = "dwarf-with-dsym";
				ENABLE_NS_ASSERTIONS = NO;
				ENABLE_STRICT_OBJC_MSGSEND = YES;
				GCC_C_LANGUAGE_STANDARD = gnu11;
				GCC_NO_COMMON_BLOCKS = YES;
				GCC_WARN_64_TO_32_BIT_CONVERSION = YES;
				GCC_WARN_ABOUT_RETURN_TYPE = YES_ERROR;
				GCC_WARN_UNDECLARED_SELECTOR = YES;
				GCC_WARN_UNINITIALIZED_AUTOS = YES_AGGRESSIVE;
				GCC_WARN_UNUSED_FUNCTION = YES;
				GCC_WARN_UNUSED_VARIABLE = YES;
				IPHONEOS_DEPLOYMENT_TARGET = 11.0;
				MTL_ENABLE_DEBUG_INFO = NO;
				SDKROOT = iphoneos;
				VALIDATE_PRODUCT = YES;
			};
			name = Release;
		};
		3295FFA51FB228C5009AFFD5 /* Debug */ = {
			isa = XCBuildConfiguration;
			buildSettings = {
				ASSETCATALOG_COMPILER_APPICON_NAME = AppIcon;
				CODE_SIGN_STYLE = Automatic;
				DEVELOPMENT_TEAM = JW8Z5UB37A;
				INFOPLIST_FILE = "L25_Design-patterns/Info.plist";
				LD_RUNPATH_SEARCH_PATHS = "$(inherited) @executable_path/Frameworks";
				PRODUCT_BUNDLE_IDENTIFIER = "com.andreyproskurin.L25-Design-patterns";
				PRODUCT_NAME = "$(TARGET_NAME)";
				TARGETED_DEVICE_FAMILY = "1,2";
			};
			name = Debug;
		};
		3295FFA61FB228C5009AFFD5 /* Release */ = {
			isa = XCBuildConfiguration;
			buildSettings = {
				ASSETCATALOG_COMPILER_APPICON_NAME = AppIcon;
				CODE_SIGN_STYLE = Automatic;
				DEVELOPMENT_TEAM = JW8Z5UB37A;
				INFOPLIST_FILE = "L25_Design-patterns/Info.plist";
				LD_RUNPATH_SEARCH_PATHS = "$(inherited) @executable_path/Frameworks";
				PRODUCT_BUNDLE_IDENTIFIER = "com.andreyproskurin.L25-Design-patterns";
				PRODUCT_NAME = "$(TARGET_NAME)";
				TARGETED_DEVICE_FAMILY = "1,2";
			};
			name = Release;
		};
/* End XCBuildConfiguration section */

/* Begin XCConfigurationList section */
		3295FF891FB228C5009AFFD5 /* Build configuration list for PBXProject "L25_Design-patterns" */ = {
			isa = XCConfigurationList;
			buildConfigurations = (
				3295FFA21FB228C5009AFFD5 /* Debug */,
				3295FFA31FB228C5009AFFD5 /* Release */,
			);
			defaultConfigurationIsVisible = 0;
			defaultConfigurationName = Release;
		};
		3295FFA41FB228C5009AFFD5 /* Build configuration list for PBXNativeTarget "L25_Design-patterns" */ = {
			isa = XCConfigurationList;
			buildConfigurations = (
				3295FFA51FB228C5009AFFD5 /* Debug */,
				3295FFA61FB228C5009AFFD5 /* Release */,
			);
			defaultConfigurationIsVisible = 0;
			defaultConfigurationName = Release;
		};
/* End XCConfigurationList section */
	};
	rootObject = 3295FF861FB228C5009AFFD5 /* Project object */;
}
